{
  "requires": true,
  "lockfileVersion": 1,
  "dependencies": {
    "angular": {
      "version": "1.8.3",
      "resolved": "https://registry.npmjs.org/angular/-/angular-1.8.3.tgz",
      "integrity": "sha512-5qjkWIQQVsHj4Sb5TcEs4WZWpFeVFHXwxEBHUhrny41D8UrBAd6T/6nPPAsLngJCReIOqi95W3mxdveveutpZw=="
    },
    "angular-animate": {
      "version": "1.8.3",
      "resolved": "https://registry.npmjs.org/angular-animate/-/angular-animate-1.8.3.tgz",
      "integrity": "sha512-/LtTKvy5sD6MZbV0v+nHgOIpnFF0mrUp+j5WIxVprVhcrJriYpuCZf4S7Owj1o76De/J0eRzANUozNJ6hVepnQ=="
    },
    "angular-resource": {
      "version": "1.8.3",
      "resolved": "https://registry.npmjs.org/angular-resource/-/angular-resource-1.8.3.tgz",
      "integrity": "sha512-x3+4w2SyIDEIe6PUBTzcjDFI5MhZNWAPELUxkYK0QMOkOo4w3BN/qhpd+fO1deFiDS23mZKqT8kfctO1IDkCDA=="
    },
    "angular-route": {
      "version": "1.8.3",
      "resolved": "https://registry.npmjs.org/angular-route/-/angular-route-1.8.3.tgz",
      "integrity": "sha512-kpIcRmDR2+o1FxDVVYy8Rvfab86/7LDbOgTRb9T+X9ewPQiBRuDEnZtM3oJYBiQLvAXDYTJXHV48n/bGE9Mv2g=="
    },
    "angular-sanitize": {
      "version": "1.8.3",
      "resolved": "https://registry.npmjs.org/angular-sanitize/-/angular-sanitize-1.8.3.tgz",
      "integrity": "sha512-2rxdqzlUVafUeWOwvY/FtyWk1pFTyCtzreeiTytG9m4smpuAEKaIJAjYeVwWsoV+nlTOcgpwV4W1OCmR+BQbUg=="
    },
    "bootstrap": {
      "version": "3.4.1",
      "resolved": "https://registry.npmjs.org/bootstrap/-/bootstrap-3.4.1.tgz",
      "integrity": "sha512-yN5oZVmRCwe5aKwzRj6736nSmKDX7pLYwsXiCj/EYmo16hODaBiT4En5btW/jhBF/seV+XMx3aYwukYC3A49DA=="
    },
    "font-awesome": {
      "version": "4.7.0",
      "resolved": "https://registry.npmjs.org/font-awesome/-/font-awesome-4.7.0.tgz",
      "integrity": "sha1-j6jPBBGhoxr9B7BtKQK7n8gVoTM="
    },
    "gentelella": {
      "version": "1.4.0",
      "resolved": "https://registry.npmjs.org/gentelella/-/gentelella-1.4.0.tgz",
      "integrity": "sha512-lp54+y6bwSLHF6KMstW2jD6oqV68vLMnFqMqATRp5a/8Tp52NYly7Q+5FZIMaNKATrb3EKx+BN/bKpaZ4BYLEw=="
    },
    "jquery": {
      "version": "2.2.4",
      "resolved": "https://registry.npmjs.org/jquery/-/jquery-2.2.4.tgz",
      "integrity": "sha1-LInWiJterFIqfuoywUUhVZxsvwI="
    },
    "ng-file-upload": {
      "version": "12.2.13",
      "resolved": "https://registry.npmjs.org/ng-file-upload/-/ng-file-upload-12.2.13.tgz",
      "integrity": "sha1-AYAPOHLlJvlTEPhHfpnk8S0NjRQ="
    },
    "ng-gentelella": {
      "version": "0.2.6",
      "resolved": "https://registry.npmjs.org/ng-gentelella/-/ng-gentelella-0.2.6.tgz",
      "integrity": "sha1-O/cSzz6VIE+WkB/NyMyZ425F7wA=",
      "requires": {
        "angular": "^1.5.7",
        "angular-animate": "^1.5.7",
        "angular-resource": "^1.5.7",
        "angular-route": "^1.5.7",
        "angular-sanitize": "^1.5.7",
        "bootstrap": "^3.3.6",
        "font-awesome": "^4.6.3",
        "gentelella": "^1.3.0",
        "jquery": "^2.2.4",
        "ng-file-upload": "^12.0.4"
      }
    }
  }
}
